// !$*UTF8*$!
{
	archiveVersion = 1;
	classes = {
	};
	objectVersion = 50;
	objects = {

/* Begin PBXBuildFile section */
		AC9C5545236FE7EB000C76E5 /* Assets.xcassets in Resources */ = {isa = PBXBuildFile; fileRef = AC9C5544236FE7EB000C76E5 /* Assets.xcassets */; };
		AC9C554C236FE7EC000C76E5 /* iMessage Movie Quotes MessagesExtension.appex in Embed App Extensions */ = {isa = PBXBuildFile; fileRef = AC9C554B236FE7EC000C76E5 /* iMessage Movie Quotes MessagesExtension.appex */; settings = {ATTRIBUTES = (RemoveHeadersOnCopy, ); }; };
		AC9C5551236FE7EC000C76E5 /* Messages.framework in Frameworks */ = {isa = PBXBuildFile; fileRef = AC9C5550236FE7EC000C76E5 /* Messages.framework */; };
		AC9C5554236FE7EC000C76E5 /* MessagesViewController.swift in Sources */ = {isa = PBXBuildFile; fileRef = AC9C5553236FE7EC000C76E5 /* MessagesViewController.swift */; };
		AC9C5557236FE7EC000C76E5 /* MainInterface.storyboard in Resources */ = {isa = PBXBuildFile; fileRef = AC9C5555236FE7EC000C76E5 /* MainInterface.storyboard */; };
		AC9C5559236FE7EC000C76E5 /* Assets.xcassets in Resources */ = {isa = PBXBuildFile; fileRef = AC9C5558236FE7EC000C76E5 /* Assets.xcassets */; };
/* End PBXBuildFile section */

/* Begin PBXContainerItemProxy section */
		AC9C554D236FE7EC000C76E5 /* PBXContainerItemProxy */ = {
			isa = PBXContainerItemProxy;
			containerPortal = AC9C553B236FE7E9000C76E5 /* Project object */;
			proxyType = 1;
			remoteGlobalIDString = AC9C554A236FE7EC000C76E5;
			remoteInfo = "iMessage Movie Quotes MessagesExtension";
		};
/* End PBXContainerItemProxy section */

/* Begin PBXCopyFilesBuildPhase section */
		AC9C5560236FE7EC000C76E5 /* Embed App Extensions */ = {
			isa = PBXCopyFilesBuildPhase;
			buildActionMask = 2147483647;
			dstPath = "";
			dstSubfolderSpec = 13;
			files = (
				AC9C554C236FE7EC000C76E5 /* iMessage Movie Quotes MessagesExtension.appex in Embed App Extensions */,
			);
			name = "Embed App Extensions";
			runOnlyForDeploymentPostprocessing = 0;
		};
/* End PBXCopyFilesBuildPhase section */

/* Begin PBXFileReference section */
		AC9C5541236FE7E9000C76E5 /* iMessage Movie Quotes.app */ = {isa = PBXFileReference; explicitFileType = wrapper.application; includeInIndex = 0; path = "iMessage Movie Quotes.app"; sourceTree = BUILT_PRODUCTS_DIR; };
		AC9C5544236FE7EB000C76E5 /* Assets.xcassets */ = {isa = PBXFileReference; lastKnownFileType = folder.assetcatalog; path = Assets.xcassets; sourceTree = "<group>"; };
		AC9C5546236FE7EB000C76E5 /* Info.plist */ = {isa = PBXFileReference; lastKnownFileType = text.plist.xml; path = Info.plist; sourceTree = "<group>"; };
		AC9C554B236FE7EC000C76E5 /* iMessage Movie Quotes MessagesExtension.appex */ = {isa = PBXFileReference; explicitFileType = "wrapper.app-extension"; includeInIndex = 0; path = "iMessage Movie Quotes MessagesExtension.appex"; sourceTree = BUILT_PRODUCTS_DIR; };
		AC9C5550236FE7EC000C76E5 /* Messages.framework */ = {isa = PBXFileReference; lastKnownFileType = wrapper.framework; name = Messages.framework; path = System/Library/Frameworks/Messages.framework; sourceTree = SDKROOT; };
		AC9C5553236FE7EC000C76E5 /* MessagesViewController.swift */ = {isa = PBXFileReference; lastKnownFileType = sourcecode.swift; path = MessagesViewController.swift; sourceTree = "<group>"; };
		AC9C5556236FE7EC000C76E5 /* Base */ = {isa = PBXFileReference; lastKnownFileType = file.storyboard; name = Base; path = Base.lproj/MainInterface.storyboard; sourceTree = "<group>"; };
		AC9C5558236FE7EC000C76E5 /* Assets.xcassets */ = {isa = PBXFileReference; lastKnownFileType = folder.assetcatalog; path = Assets.xcassets; sourceTree = "<group>"; };
		AC9C555A236FE7EC000C76E5 /* Info.plist */ = {isa = PBXFileReference; lastKnownFileType = text.plist.xml; path = Info.plist; sourceTree = "<group>"; };
/* End PBXFileReference section */

/* Begin PBXFrameworksBuildPhase section */
		AC9C5548236FE7EC000C76E5 /* Frameworks */ = {
			isa = PBXFrameworksBuildPhase;
			buildActionMask = 2147483647;
			files = (
				AC9C5551236FE7EC000C76E5 /* Messages.framework in Frameworks */,
			);
			runOnlyForDeploymentPostprocessing = 0;
		};
/* End PBXFrameworksBuildPhase section */

/* Begin PBXGroup section */
		AC9C553A236FE7E9000C76E5 = {
			isa = PBXGroup;
			children = (
				AC9C5543236FE7E9000C76E5 /* iMessage Movie Quotes */,
				AC9C5552236FE7EC000C76E5 /* iMessage Movie Quotes MessagesExtension */,
				AC9C554F236FE7EC000C76E5 /* Frameworks */,
				AC9C5542236FE7E9000C76E5 /* Products */,
			);
			sourceTree = "<group>";
		};
		AC9C5542236FE7E9000C76E5 /* Products */ = {
			isa = PBXGroup;
			children = (
				AC9C5541236FE7E9000C76E5 /* iMessage Movie Quotes.app */,
				AC9C554B236FE7EC000C76E5 /* iMessage Movie Quotes MessagesExtension.appex */,
			);
			name = Products;
			sourceTree = "<group>";
		};
		AC9C5543236FE7E9000C76E5 /* iMessage Movie Quotes */ = {
			isa = PBXGroup;
			children = (
				AC9C5544236FE7EB000C76E5 /* Assets.xcassets */,
				AC9C5546236FE7EB000C76E5 /* Info.plist */,
			);
			path = "iMessage Movie Quotes";
			sourceTree = "<group>";
		};
		AC9C554F236FE7EC000C76E5 /* Frameworks */ = {
			isa = PBXGroup;
			children = (
				AC9C5550236FE7EC000C76E5 /* Messages.framework */,
			);
			name = Frameworks;
			sourceTree = "<group>";
		};
		AC9C5552236FE7EC000C76E5 /* iMessage Movie Quotes MessagesExtension */ = {
			isa = PBXGroup;
			children = (
				AC9C5553236FE7EC000C76E5 /* MessagesViewController.swift */,
				AC9C5555236FE7EC000C76E5 /* MainInterface.storyboard */,
				AC9C5558236FE7EC000C76E5 /* Assets.xcassets */,
				AC9C555A236FE7EC000C76E5 /* Info.plist */,
			);
			path = "iMessage Movie Quotes MessagesExtension";
			sourceTree = "<group>";
		};
/* End PBXGroup section */

/* Begin PBXNativeTarget section */
		AC9C5540236FE7E9000C76E5 /* iMessage Movie Quotes */ = {
			isa = PBXNativeTarget;
			buildConfigurationList = AC9C5561236FE7EC000C76E5 /* Build configuration list for PBXNativeTarget "iMessage Movie Quotes" */;
			buildPhases = (
				AC9C553F236FE7E9000C76E5 /* Resources */,
				AC9C5560236FE7EC000C76E5 /* Embed App Extensions */,
			);
			buildRules = (
			);
			dependencies = (
				AC9C554E236FE7EC000C76E5 /* PBXTargetDependency */,
			);
			name = "iMessage Movie Quotes";
			productName = "iMessage Movie Quotes";
			productReference = AC9C5541236FE7E9000C76E5 /* iMessage Movie Quotes.app */;
			productType = "com.apple.product-type.application.messages";
		};
		AC9C554A236FE7EC000C76E5 /* iMessage Movie Quotes MessagesExtension */ = {
			isa = PBXNativeTarget;
			buildConfigurationList = AC9C555D236FE7EC000C76E5 /* Build configuration list for PBXNativeTarget "iMessage Movie Quotes MessagesExtension" */;
			buildPhases = (
				AC9C5547236FE7EC000C76E5 /* Sources */,
				AC9C5548236FE7EC000C76E5 /* Frameworks */,
				AC9C5549236FE7EC000C76E5 /* Resources */,
			);
			buildRules = (
			);
			dependencies = (
			);
			name = "iMessage Movie Quotes MessagesExtension";
			productName = "iMessage Movie Quotes MessagesExtension";
			productReference = AC9C554B236FE7EC000C76E5 /* iMessage Movie Quotes MessagesExtension.appex */;
			productType = "com.apple.product-type.app-extension.messages";
		};
/* End PBXNativeTarget section */

/* Begin PBXProject section */
		AC9C553B236FE7E9000C76E5 /* Project object */ = {
			isa = PBXProject;
			attributes = {
				LastSwiftUpdateCheck = 1120;
				LastUpgradeCheck = 1120;
				ORGANIZATIONNAME = "Digital Mirko";
				TargetAttributes = {
					AC9C5540236FE7E9000C76E5 = {
						CreatedOnToolsVersion = 11.2;
					};
					AC9C554A236FE7EC000C76E5 = {
						CreatedOnToolsVersion = 11.2;
					};
				};
			};
			buildConfigurationList = AC9C553E236FE7E9000C76E5 /* Build configuration list for PBXProject "iMessage Movie Quotes" */;
			compatibilityVersion = "Xcode 9.3";
			developmentRegion = en;
			hasScannedForEncodings = 0;
			knownRegions = (
				en,
				Base,
			);
			mainGroup = AC9C553A236FE7E9000C76E5;
			productRefGroup = AC9C5542236FE7E9000C76E5 /* Products */;
			projectDirPath = "";
			projectRoot = "";
			targets = (
				AC9C5540236FE7E9000C76E5 /* iMessage Movie Quotes */,
				AC9C554A236FE7EC000C76E5 /* iMessage Movie Quotes MessagesExtension */,
			);
		};
/* End PBXProject section */

/* Begin PBXResourcesBuildPhase section */
		AC9C553F236FE7E9000C76E5 /* Resources */ = {
			isa = PBXResourcesBuildPhase;
			buildActionMask = 2147483647;
			files = (
				AC9C5545236FE7EB000C76E5 /* Assets.xcassets in Resources */,
			);
			runOnlyForDeploymentPostprocessing = 0;
		};
		AC9C5549236FE7EC000C76E5 /* Resources */ = {
			isa = PBXResourcesBuildPhase;
			buildActionMask = 2147483647;
			files = (
				AC9C5559236FE7EC000C76E5 /* Assets.xcassets in Resources */,
				AC9C5557236FE7EC000C76E5 /* MainInterface.storyboard in Resources */,
			);
			runOnlyForDeploymentPostprocessing = 0;
		};
/* End PBXResourcesBuildPhase section */

/* Begin PBXSourcesBuildPhase section */
		AC9C5547236FE7EC000C76E5 /* Sources */ = {
			isa = PBXSourcesBuildPhase;
			buildActionMask = 2147483647;
			files = (
				AC9C5554236FE7EC000C76E5 /* MessagesViewController.swift in Sources */,
			);
			runOnlyForDeploymentPostprocessing = 0;
		};
/* End PBXSourcesBuildPhase section */

/* Begin PBXTargetDependency section */
		AC9C554E236FE7EC000C76E5 /* PBXTargetDependency */ = {
			isa = PBXTargetDependency;
			target = AC9C554A236FE7EC000C76E5 /* iMessage Movie Quotes MessagesExtension */;
			targetProxy = AC9C554D236FE7EC000C76E5 /* PBXContainerItemProxy */;
		};
/* End PBXTargetDependency section */

/* Begin PBXVariantGroup section */
		AC9C5555236FE7EC000C76E5 /* MainInterface.storyboard */ = {
			isa = PBXVariantGroup;
			children = (
				AC9C5556236FE7EC000C76E5 /* Base */,
			);
			name = MainInterface.storyboard;
			sourceTree = "<group>";
		};
/* End PBXVariantGroup section */

/* Begin XCBuildConfiguration section */
		AC9C555B236FE7EC000C76E5 /* Debug */ = {
			isa = XCBuildConfiguration;
			buildSettings = {
				ALWAYS_SEARCH_USER_PATHS = NO;
				CLANG_ANALYZER_NONNULL = YES;
				CLANG_ANALYZER_NUMBER_OBJECT_CONVERSION = YES_AGGRESSIVE;
				CLANG_CXX_LANGUAGE_STANDARD = "gnu++14";
				CLANG_CXX_LIBRARY = "libc++";
				CLANG_ENABLE_MODULES = YES;
				CLANG_ENABLE_OBJC_ARC = YES;
				CLANG_ENABLE_OBJC_WEAK = YES;
				CLANG_WARN_BLOCK_CAPTURE_AUTORELEASING = YES;
				CLANG_WARN_BOOL_CONVERSION = YES;
				CLANG_WARN_COMMA = YES;
				CLANG_WARN_CONSTANT_CONVERSION = YES;
				CLANG_WARN_DEPRECATED_OBJC_IMPLEMENTATIONS = YES;
				CLANG_WARN_DIRECT_OBJC_ISA_USAGE = YES_ERROR;
				CLANG_WARN_DOCUMENTATION_COMMENTS = YES;
				CLANG_WARN_EMPTY_BODY = YES;
				CLANG_WARN_ENUM_CONVERSION = YES;
				CLANG_WARN_INFINITE_RECURSION = YES;
				CLANG_WARN_INT_CONVERSION = YES;
				CLANG_WARN_NON_LITERAL_NULL_CONVERSION = YES;
				CLANG_WARN_OBJC_IMPLICIT_RETAIN_SELF = YES;
				CLANG_WARN_OBJC_LITERAL_CONVERSION = YES;
				CLANG_WARN_OBJC_ROOT_CLASS = YES_ERROR;
				CLANG_WARN_RANGE_LOOP_ANALYSIS = YES;
				CLANG_WARN_STRICT_PROTOTYPES = YES;
				CLANG_WARN_SUSPICIOUS_MOVE = YES;
				CLANG_WARN_UNGUARDED_AVAILABILITY = YES_AGGRESSIVE;
				CLANG_WARN_UNREACHABLE_CODE = YES;
				CLANG_WARN__DUPLICATE_METHOD_MATCH = YES;
				COPY_PHASE_STRIP = NO;
				DEBUG_INFORMATION_FORMAT = dwarf;
				ENABLE_STRICT_OBJC_MSGSEND = YES;
				ENABLE_TESTABILITY = YES;
				GCC_C_LANGUAGE_STANDARD = gnu11;
				GCC_DYNAMIC_NO_PIC = NO;
				GCC_NO_COMMON_BLOCKS = YES;
				GCC_OPTIMIZATION_LEVEL = 0;
				GCC_PREPROCESSOR_DEFINITIONS = (
					"DEBUG=1",
					"$(inherited)",
				);
				GCC_WARN_64_TO_32_BIT_CONVERSION = YES;
				GCC_WARN_ABOUT_RETURN_TYPE = YES_ERROR;
				GCC_WARN_UNDECLARED_SELECTOR = YES;
				GCC_WARN_UNINITIALIZED_AUTOS = YES_AGGRESSIVE;
				GCC_WARN_UNUSED_FUNCTION = YES;
				GCC_WARN_UNUSED_VARIABLE = YES;
				IPHONEOS_DEPLOYMENT_TARGET = 13.2;
				MTL_ENABLE_DEBUG_INFO = INCLUDE_SOURCE;
				MTL_FAST_MATH = YES;
				ONLY_ACTIVE_ARCH = YES;
				SDKROOT = iphoneos;
				SWIFT_ACTIVE_COMPILATION_CONDITIONS = DEBUG;
				SWIFT_OPTIMIZATION_LEVEL = "-Onone";
			};
			name = Debug;
		};
		AC9C555C236FE7EC000C76E5 /* Release */ = {
			isa = XCBuildConfiguration;
			buildSettings = {
				ALWAYS_SEARCH_USER_PATHS = NO;
				CLANG_ANALYZER_NONNULL = YES;
				CLANG_ANALYZER_NUMBER_OBJECT_CONVERSION = YES_AGGRESSIVE;
				CLANG_CXX_LANGUAGE_STANDARD = "gnu++14";
				CLANG_CXX_LIBRARY = "libc++";
				CLANG_ENABLE_MODULES = YES;
				CLANG_ENABLE_OBJC_ARC = YES;
				CLANG_ENABLE_OBJC_WEAK = YES;
				CLANG_WARN_BLOCK_CAPTURE_AUTORELEASING = YES;
				CLANG_WARN_BOOL_CONVERSION = YES;
				CLANG_WARN_COMMA = YES;
				CLANG_WARN_CONSTANT_CONVERSION = YES;
				CLANG_WARN_DEPRECATED_OBJC_IMPLEMENTATIONS = YES;
				CLANG_WARN_DIRECT_OBJC_ISA_USAGE = YES_ERROR;
				CLANG_WARN_DOCUMENTATION_COMMENTS = YES;
				CLANG_WARN_EMPTY_BODY = YES;
				CLANG_WARN_ENUM_CONVERSION = YES;
				CLANG_WARN_INFINITE_RECURSION = YES;
				CLANG_WARN_INT_CONVERSION = YES;
				CLANG_WARN_NON_LITERAL_NULL_CONVERSION = YES;
				CLANG_WARN_OBJC_IMPLICIT_RETAIN_SELF = YES;
				CLANG_WARN_OBJC_LITERAL_CONVERSION = YES;
				CLANG_WARN_OBJC_ROOT_CLASS = YES_ERROR;
				CLANG_WARN_RANGE_LOOP_ANALYSIS = YES;
				CLANG_WARN_STRICT_PROTOTYPES = YES;
				CLANG_WARN_SUSPICIOUS_MOVE = YES;
				CLANG_WARN_UNGUARDED_AVAILABILITY = YES_AGGRESSIVE;
				CLANG_WARN_UNREACHABLE_CODE = YES;
				CLANG_WARN__DUPLICATE_METHOD_MATCH = YES;
				COPY_PHASE_STRIP = NO;
				DEBUG_INFORMATION_FORMAT = "dwarf-with-dsym";
				ENABLE_NS_ASSERTIONS = NO;
				ENABLE_STRICT_OBJC_MSGSEND = YES;
				GCC_C_LANGUAGE_STANDARD = gnu11;
				GCC_NO_COMMON_BLOCKS = YES;
				GCC_WARN_64_TO_32_BIT_CONVERSION = YES;
				GCC_WARN_ABOUT_RETURN_TYPE = YES_ERROR;
				GCC_WARN_UNDECLARED_SELECTOR = YES;
				GCC_WARN_UNINITIALIZED_AUTOS = YES_AGGRESSIVE;
				GCC_WARN_UNUSED_FUNCTION = YES;
				GCC_WARN_UNUSED_VARIABLE = YES;
				IPHONEOS_DEPLOYMENT_TARGET = 13.2;
				MTL_ENABLE_DEBUG_INFO = NO;
				MTL_FAST_MATH = YES;
				SDKROOT = iphoneos;
				SWIFT_COMPILATION_MODE = wholemodule;
				SWIFT_OPTIMIZATION_LEVEL = "-O";
				VALIDATE_PRODUCT = YES;
			};
			name = Release;
		};
		AC9C555E236FE7EC000C76E5 /* Debug */ = {
			isa = XCBuildConfiguration;
			buildSettings = {
				ASSETCATALOG_COMPILER_APPICON_NAME = "iMessage App Icon";
				CODE_SIGN_STYLE = Automatic;
				DEVELOPMENT_TEAM = EQNJ9FG9YA;
				INFOPLIST_FILE = "iMessage Movie Quotes MessagesExtension/Info.plist";
				LD_RUNPATH_SEARCH_PATHS = (
					"$(inherited)",
					"@executable_path/Frameworks",
					"@executable_path/../../Frameworks",
				);
				PRODUCT_BUNDLE_IDENTIFIER = "com.digitalmirko.iMessage-Movie-Quotes.MessagesExtension";
				PRODUCT_NAME = "$(TARGET_NAME)";
				SKIP_INSTALL = YES;
				SWIFT_VERSION = 5.0;
				TARGETED_DEVICE_FAMILY = "1,2";
			};
			name = Debug;
		};
		AC9C555F236FE7EC000C76E5 /* Release */ = {
			isa = XCBuildConfiguration;
			buildSettings = {
				ASSETCATALOG_COMPILER_APPICON_NAME = "iMessage App Icon";
				CODE_SIGN_STYLE = Automatic;
				DEVELOPMENT_TEAM = EQNJ9FG9YA;
				INFOPLIST_FILE = "iMessage Movie Quotes MessagesExtension/Info.plist";
				LD_RUNPATH_SEARCH_PATHS = (
					"$(inherited)",
					"@executable_path/Frameworks",
					"@executable_path/../../Frameworks",
				);
				PRODUCT_BUNDLE_IDENTIFIER = "com.digitalmirko.iMessage-Movie-Quotes.MessagesExtension";
				PRODUCT_NAME = "$(TARGET_NAME)";
				SKIP_INSTALL = YES;
				SWIFT_VERSION = 5.0;
				TARGETED_DEVICE_FAMILY = "1,2";
			};
			name = Release;
		};
		AC9C5562236FE7EC000C76E5 /* Debug */ = {
			isa = XCBuildConfiguration;
			buildSettings = {
				ALWAYS_EMBED_SWIFT_STANDARD_LIBRARIES = YES;
				ASSETCATALOG_COMPILER_APPICON_NAME = AppIcon;
				CODE_SIGN_STYLE = Automatic;
				DEVELOPMENT_TEAM = EQNJ9FG9YA;
				INFOPLIST_FILE = "iMessage Movie Quotes/Info.plist";
				PRODUCT_BUNDLE_IDENTIFIER = "com.digitalmirko.iMessage-Movie-Quotes";
				PRODUCT_NAME = "$(TARGET_NAME)";
				SWIFT_VERSION = 5.0;
				TARGETED_DEVICE_FAMILY = "1,2";
			};
			name = Debug;
		};
		AC9C5563236FE7EC000C76E5 /* Release */ = {
			isa = XCBuildConfiguration;
			buildSettings = {
				ALWAYS_EMBED_SWIFT_STANDARD_LIBRARIES = YES;
				ASSETCATALOG_COMPILER_APPICON_NAME = AppIcon;
				CODE_SIGN_STYLE = Automatic;
				DEVELOPMENT_TEAM = EQNJ9FG9YA;
				INFOPLIST_FILE = "iMessage Movie Quotes/Info.plist";
				PRODUCT_BUNDLE_IDENTIFIER = "com.digitalmirko.iMessage-Movie-Quotes";
				PRODUCT_NAME = "$(TARGET_NAME)";
				SWIFT_VERSION = 5.0;
				TARGETED_DEVICE_FAMILY = "1,2";
			};
			name = Release;
		};
/* End XCBuildConfiguration section */

/* Begin XCConfigurationList section */
		AC9C553E236FE7E9000C76E5 /* Build configuration list for PBXProject "iMessage Movie Quotes" */ = {
			isa = XCConfigurationList;
			buildConfigurations = (
				AC9C555B236FE7EC000C76E5 /* Debug */,
				AC9C555C236FE7EC000C76E5 /* Release */,
			);
			defaultConfigurationIsVisible = 0;
			defaultConfigurationName = Release;
		};
		AC9C555D236FE7EC000C76E5 /* Build configuration list for PBXNativeTarget "iMessage Movie Quotes MessagesExtension" */ = {
			isa = XCConfigurationList;
			buildConfigurations = (
				AC9C555E236FE7EC000C76E5 /* Debug */,
				AC9C555F236FE7EC000C76E5 /* Release */,
			);
			defaultConfigurationIsVisible = 0;
			defaultConfigurationName = Release;
		};
		AC9C5561236FE7EC000C76E5 /* Build configuration list for PBXNativeTarget "iMessage Movie Quotes" */ = {
			isa = XCConfigurationList;
			buildConfigurations = (
				AC9C5562236FE7EC000C76E5 /* Debug */,
				AC9C5563236FE7EC000C76E5 /* Release */,
			);
			defaultConfigurationIsVisible = 0;
			defaultConfigurationName = Release;
		};
/* End XCConfigurationList section */
	};
	rootObject = AC9C553B236FE7E9000C76E5 /* Project object */;
}
